
Microsoft Visual Studio Solution File, Format Version 12.00
# Visual Studio Version 17
VisualStudioVersion = 17.0.32630.193
MinimumVisualStudioVersion = 10.0.40219.1
Project("{FAE04EC0-301F-11D3-BF4B-00C04F79EFBC}") = "BlazorApp", "BlazorApp\BlazorApp.csproj", "{86794D97-5518-442A-9884-F86E5C279275}"
EndProject
Project("{FAE04EC0-301F-11D3-BF4B-00C04F79EFBC}") = "SingleResponsibility", "SingleResponsibility\SingleResponsibility.csproj", "{E1F1C19B-67DB-41FB-AC30-FE95BF8BB84D}"
EndProject
Project("{FAE04EC0-301F-11D3-BF4B-00C04F79EFBC}") = "InterfaceSegregation", "InterfaceSegregation\InterfaceSegregation.csproj", "{F66E5D59-B3D0-4A38-B50A-8979471CD196}"
EndProject
Project("{FAE04EC0-301F-11D3-BF4B-00C04F79EFBC}") = "OpenClosed", "OpenClosed\OpenClosed.csproj", "{4FB40479-2819-4E4E-90DB-D737625E7D3B}"
EndProject
Project("{FAE04EC0-301F-11D3-BF4B-00C04F79EFBC}") = "LiskovSubstitution", "LiskovSubstitution\LiskovSubstitution.csproj", "{4EDD972A-2026-466B-9FE9-C72C260DFF5B}"
EndProject
Global
	GlobalSection(SolutionConfigurationPlatforms) = preSolution
		Debug|Any CPU = Debug|Any CPU
		Release|Any CPU = Release|Any CPU
	EndGlobalSection
	GlobalSection(ProjectConfigurationPlatforms) = postSolution
		{86794D97-5518-442A-9884-F86E5C279275}.Debug|Any CPU.ActiveCfg = Debug|Any CPU
		{86794D97-5518-442A-9884-F86E5C279275}.Debug|Any CPU.Build.0 = Debug|Any CPU
		{86794D97-5518-442A-9884-F86E5C279275}.Release|Any CPU.ActiveCfg = Release|Any CPU
		{86794D97-5518-442A-9884-F86E5C279275}.Release|Any CPU.Build.0 = Release|Any CPU
		{E1F1C19B-67DB-41FB-AC30-FE95BF8BB84D}.Debug|Any CPU.ActiveCfg = Debug|Any CPU
		{E1F1C19B-67DB-41FB-AC30-FE95BF8BB84D}.Debug|Any CPU.Build.0 = Debug|Any CPU
		{E1F1C19B-67DB-41FB-AC30-FE95BF8BB84D}.Release|Any CPU.ActiveCfg = Release|Any CPU
		{E1F1C19B-67DB-41FB-AC30-FE95BF8BB84D}.Release|Any CPU.Build.0 = Release|Any CPU
		{F66E5D59-B3D0-4A38-B50A-8979471CD196}.Debug|Any CPU.ActiveCfg = Debug|Any CPU
		{F66E5D59-B3D0-4A38-B50A-8979471CD196}.Debug|Any CPU.Build.0 = Debug|Any CPU
		{F66E5D59-B3D0-4A38-B50A-8979471CD196}.Release|Any CPU.ActiveCfg = Release|Any CPU
		{F66E5D59-B3D0-4A38-B50A-8979471CD196}.Release|Any CPU.Build.0 = Release|Any CPU
		{4FB40479-2819-4E4E-90DB-D737625E7D3B}.Debug|Any CPU.ActiveCfg = Debug|Any CPU
		{4FB40479-2819-4E4E-90DB-D737625E7D3B}.Debug|Any CPU.Build.0 = Debug|Any CPU
		{4FB40479-2819-4E4E-90DB-D737625E7D3B}.Release|Any CPU.ActiveCfg = Release|Any CPU
		{4FB40479-2819-4E4E-90DB-D737625E7D3B}.Release|Any CPU.Build.0 = Release|Any CPU
		{4EDD972A-2026-466B-9FE9-C72C260DFF5B}.Debug|Any CPU.ActiveCfg = Debug|Any CPU
		{4EDD972A-2026-466B-9FE9-C72C260DFF5B}.Debug|Any CPU.Build.0 = Debug|Any CPU
		{4EDD972A-2026-466B-9FE9-C72C260DFF5B}.Release|Any CPU.ActiveCfg = Release|Any CPU
		{4EDD972A-2026-466B-9FE9-C72C260DFF5B}.Release|Any CPU.Build.0 = Release|Any CPU
	EndGlobalSection
	GlobalSection(SolutionProperties) = preSolution
		HideSolutionNode = FALSE
	EndGlobalSection
	GlobalSection(ExtensibilityGlobals) = postSolution
		SolutionGuid = {99666126-8D06-43A8-B4CF-99A6C392443B}
	EndGlobalSection
EndGlobal
